
Microsoft Visual Studio Solution File, Format Version 12.00
# Visual Studio Version 16
VisualStudioVersion = 16.0.31702.278
MinimumVisualStudioVersion = 10.0.40219.1
Project("{FAE04EC0-301F-11D3-BF4B-00C04F79EFBC}") = "WpfApp2", "WpfApp2\WpfApp2.csproj", "{BCBD8A26-48FA-4A07-AC91-B3A13C1E191B}"
EndProject
Global
	GlobalSection(SolutionConfigurationPlatforms) = preSolution
		Debug|Any CPU = Debug|Any CPU
		Release|Any CPU = Release|Any CPU
	EndGlobalSection
	GlobalSection(ProjectConfigurationPlatforms) = postSolution
		{BCBD8A26-48FA-4A07-AC91-B3A13C1E191B}.Debug|Any CPU.ActiveCfg = Debug|Any CPU
		{BCBD8A26-48FA-4A07-AC91-B3A13C1E191B}.Debug|Any CPU.Build.0 = Debug|Any CPU
		{BCBD8A26-48FA-4A07-AC91-B3A13C1E191B}.Release|Any CPU.ActiveCfg = Release|Any CPU
		{BCBD8A26-48FA-4A07-AC91-B3A13C1E191B}.Release|Any CPU.Build.0 = Release|Any CPU
	EndGlobalSection
	GlobalSection(SolutionProperties) = preSolution
		HideSolutionNode = FALSE
	EndGlobalSection
	GlobalSection(ExtensibilityGlobals) = postSolution
		SolutionGuid = {5798B19D-BC07-4C68-8091-4CA446C4009A}
	EndGlobalSection
EndGlobal
